PackratFormat: 1.4
PackratVersion: 0.4.8.15
RVersion: 3.3.3
Repos: =http://mirrors.aliyun.com/CRAN

Package: BH
Source: CRAN
Version: 1.62.0-1
Hash: 14dfb3e8ffe20996118306ff4de1fab2

Package: DBI
Source: CRAN
Version: 0.6-1
Hash: 4aef5bda70897c1663d5b8bae2f4419a

Package: R6
Source: CRAN
Version: 2.2.0
Hash: 712773a3439bd32db5c40938e1a9aac2

Package: RMySQL
Source: github
Version: 0.11-5
Hash: f225d3dee088211caaea775b651dd24c
GithubRepo: RMySQL
GithubUsername: rstats-db
GithubRef: master
GithubSha1: 74737da43b753fde41d968a87abe5dc3f817b6f5

Package: RSQLServer
Source: github
Version: 0.2.099
Hash: 9c69c8f2ed07da13d9d96607f64f1048
GithubRepo: RSQLServer
GithubUsername: imanuelcostigan
GithubRef: master
GithubSha1: 2cf719e7523411c25b8305b3bf9e72dfe17d5186

Package: Rcpp
Source: CRAN
Version: 0.12.10
Hash: 6cf65d0dd6a92f2d43c8d4805d33efe9

Package: TTR
Source: CRAN
Version: 0.23-1
Hash: 4d137b2fd11667a413d92e31f106e839

Package: assertthat
Source: CRAN
Version: 0.1
Hash: 0afb92b59b02593c70ff8046700ba9d3

Package: backports
Source: CRAN
Version: 1.0.5
Hash: 8b835bdc5447f2c76fda198e17d6bda4

Package: bindr
Source: CRAN
Version: 0.1
Hash: e3a02070cf705d3ad1c5af1635a515a3

Package: bindrcpp
Source: CRAN
Version: 0.1
Hash: 57498e6d551c8b99bfd980f34191867f

Package: bitops
Source: CRAN
Version: 1.0-6
Hash: 67d0775189fd0041d95abca618c5c07e

Package: brew
Source: CRAN
Version: 1.0-6
Hash: 931f9972deae0f205e1c78a51f33149b

Package: callr
Source: github
Version: 1.0.0.9000
Hash: d288aaa0c9a90d4177e21af83a7fe7b8
GithubRepo: callr
GithubUsername: mangothecat
GithubRef: master
GithubSha1: c2fb27d686082b7cb48360904134725ebf4a3898

Package: commonmark
Source: CRAN
Version: 1.2
Hash: 1290583b9d16fb60322126a8698fb729

Package: crayon
Source: CRAN
Version: 1.3.2
Hash: 576a9d297a567d6a5ebd164ca5221590

Package: curl
Source: CRAN
Version: 2.4
Hash: 6f9efd95fe30fa735c9aa3b4de10b022

Package: dbplyr
Source: github
Version: 0.0.0.9000
Hash: b63a1c253532f12ae621e40e7b1b0b79
GithubRepo: dbplyr
GithubUsername: hadley
GithubRef: master
GithubSha1: ce94c1541baebbf7bd3c5ebe94808f8c952f1f31

Package: desc
Source: CRAN
Version: 1.1.0
Hash: 346d3477f87b89692dd1379eaed1a1be

Package: devtools
Source: github
Version: 1.12.0.9000
Hash: 2cf2f133e3da0afc531e2dc3c3efd286
GithubRepo: devtools
GithubUsername: hadley
GithubRef: master
GithubSha1: d8ab190cd05e4bd2a3688a1eab3324109060b111

Package: digest
Source: CRAN
Version: 0.6.12
Hash: e53fb8c58673df868183697e39a6a4d6

Package: dplyr
Source: github
Version: 0.5.0.9001
Hash: f9afefa90d601ba314bccab94c5ff9e2
GithubRepo: dplyr
GithubUsername: hadley
GithubRef: master
GithubSha1: cf46c46259bef47b6a8a4f92cdad701e55db947b

Package: git2r
Source: CRAN
Version: 0.18.0
Hash: 9dfaafbcca68be29b89ef7783dc1dac0

Package: glue
Source: github
Version: 0.0.0.9000
Hash: 2cbcd7628f24af109de5741a86d97557
GithubRepo: glue
GithubUsername: tidyverse
GithubRef: master
GithubSha1: 6e77c3b29ceadec926997dd80e3b395075a072f6

Package: httr
Source: github
Version: 1.2.1.9000
Hash: 8ab85e314e3f8c1e6414437f6b2ea4e5
GithubRepo: httr
GithubUsername: gaborcsardi
GithubRef: callback
GithubSha1: 30001d4229d44309c9f1c60694ecfbb5d7189fc0

Package: jsonlite
Source: CRAN
Version: 1.3
Hash: b9cc3c97b7a6cd513e9b516fe881d6c9

Package: lazyeval
Source: CRAN
Version: 0.2.0
Hash: 3d6e7608e65bbf5cb170dab1e3c9ed8b

Package: lubridate
Source: CRAN
Version: 1.6.0
Hash: b90f4cbefe0b3c545dd68b22c66a8a12

Package: magrittr
Source: CRAN
Version: 1.5
Hash: bdc4d48c3135e8f3b399536ddf160df4

Package: memoise
Source: CRAN
Version: 1.0.0
Hash: 56e7087c3559eb7ba72a9afb349bf896

Package: mime
Source: CRAN
Version: 0.5
Hash: 463550cf44fb6f0a2359368f42eebe62

Package: moments
Source: CRAN
Version: 0.14
Hash: 9567ad51228ea45d2ff6112f4ab20424

Package: openssl
Source: CRAN
Version: 0.9.6
Hash: 5f4711e142a44655dfea4d64fcf2f641

Package: packrat
Source: github
Version: 0.4.8-15
Hash: 1a16f79589f4248cae435c7d4447005d
GithubRepo: packrat
GithubUsername: rstudio
GithubRef: master
GithubSha1: a51d1364756aad73681623ca6dab165a5c7fe238

Package: pacman
Source: CRAN
Version: 0.4.1
Hash: 95e04058468f618d3285f757464e02ce

Package: pkgbuild
Source: github
Version: 0.0.0.9000
Hash: be6998099fb3c048673ffff674f25015
GithubRepo: pkgbuild
GithubUsername: r-pkgs
GithubRef: master
GithubSha1: 5ed87aa1c6f0482123d53a242df3dbc058e39f2c

Package: pkgconfig
Source: CRAN
Version: 2.0.1
Hash: 0dda4a2654a22b36a715c2b0b6fbacac

Package: pkgload
Source: github
Version: 0.0.0.9000
Hash: 2a69f6758d89d377a282dbac485764c6
GithubRepo: pkgload
GithubUsername: r-pkgs
GithubRef: master
GithubSha1: 3a96cf239b75190339445f9753e4aa156cf20386

Package: plogr
Source: CRAN
Version: 0.1-1
Hash: fb19215402e2d9f1c7f803dcaa806fc2

Package: purrr
Source: github
Version: 0.2.2.9000
Hash: d8d8df660c507dc158cf9fb1e1a2af4d
GithubRepo: purrr
GithubUsername: tidyverse
GithubRef: master
GithubSha1: c0f523fc3dff2af4075bfba61a699e4ce4918de5

Package: quantmod
Source: CRAN
Version: 0.4-7
Hash: b9f7726c31bd7016c3680d8af960c81f

Package: rJava
Source: CRAN
Version: 0.9-8
Hash: 3e8627a2a5bd45c9bad6112acfc231d9

Package: rlang
Source: github
Version: 0.0.0.9006
Hash: b7970cb5a83cd08777298d2c188e5419
GithubRepo: rlang
GithubUsername: hadley
GithubRef: 0756eaf3
GithubSha1: 0756eaf3ae892b981e05334c49a9fa9db2dda140

Package: roxygen2
Source: CRAN
Version: 6.0.1
Hash: 7a75b821e00443c60a239fa4070b4117

Package: rprojroot
Source: CRAN
Version: 1.2
Hash: fdcac51a7f47decd60556ceefc3c26b1

Package: rstudioapi
Source: CRAN
Version: 0.6
Hash: fd256f8bfb9a64cc35f98b0decb1a79f

Package: stringi
Source: CRAN
Version: 1.1.3
Hash: 458dfc7d682c0f80909521fe482f7c6d

Package: stringr
Source: CRAN
Version: 1.2.0
Hash: 25a86d7f410513ebb7c0bc6a5e16bdc3

Package: tibble
Source: CRAN
Version: 1.3.0
Hash: 8de64ed3345488e66b676875ed1ebdce

Package: whisker
Source: CRAN
Version: 0.3-2
Hash: 803d662762e532705c2c066a82d066e7

Package: withr
Source: CRAN
Version: 1.0.2
Hash: 774eb7be9087cdc24b53b74e5359cfac

Package: xml2
Source: github
Version: 1.1.1
Hash: 2023ebc04af09a25087e396aeeaeafcc
GithubRepo: xml2
GithubUsername: hadley
GithubRef: master
GithubSha1: 268387bb15b6f037890d9f84135f3c2a31682f6a

Package: xts
Source: CRAN
Version: 0.9-7
Hash: fb3f81d7a2fa2323879b6b49722ddc5e

Package: yaml
Source: CRAN
Version: 2.1.14
Hash: c81230c3a7d9ba20607ad6b4331173d1

Package: zoo
Source: CRAN
Version: 1.7-14
Hash: a4c3a385cd122b5d6af30732bf267060
